PODS:
  - FlutterMacOS (1.0.0)
  - local_notifier (0.1.0):
    - FlutterMacOS

DEPENDENCIES:
  - FlutterMacOS (from `Flutter/ephemeral`)
  - local_notifier (from `Flutter/ephemeral/.symlinks/plugins/local_notifier/macos`)

EXTERNAL SOURCES:
  FlutterMacOS:
    :path: Flutter/ephemeral
  local_notifier:
    :path: Flutter/ephemeral/.symlinks/plugins/local_notifier/macos

SPEC CHECKSUMS:
  FlutterMacOS: 57701585bf7de1b3fc2bb61f6378d73bbdea8424
  local_notifier: 67b44a2825d7d99946ccd15c02d4e7910ded79c8

PODFILE CHECKSUM: 0d3963a09fc94f580682bd88480486da345dc3f0

COCOAPODS: 1.11.2
